{
    "name": "simple-image-slider-interval-configurable",
    "version": "1.0.7",
    "lockfileVersion": 2,
    "requires": true,
    "packages": {
        "": {
            "name": "simple-image-slider-interval-configurable",
            "version": "1.0.7",
            "license": "ISC"
        }
    }
}
